{
  "name": "react-glassmorphism-example",
  "version": "npm:react-glassmorphism-example@0.0.0",
  "lockfileVersion": 2,
  "requires": true,
  "extraneous": true,
  "packages": {
    "": {
      "name": "react-glassmorphism-example",
      "version": "0.0.0",
      "extraneous": true,
      "dependencies": {
        "@types/jest": "file:../node_modules/@types/jest",
        "@types/node": "file:../node_modules/@types/node",
        "@types/react": "file:../node_modules/@types/react",
        "@types/react-dom": "file:../node_modules/@types/react-dom",
        "react": "file:../node_modules/react",
        "react-dom": "file:../node_modules/react-dom",
        "react-glassmorphism": "file:..",
        "react-scripts": "file:../node_modules/react-scripts"
      },
      "devDependencies": {
        "@babel/plugin-syntax-object-rest-spread": "^7.8.3"
      }
    }
  }
}
